
Microsoft Visual Studio Solution File, Format Version 12.00
# Visual Studio Version 16
VisualStudioVersion = 16.0.31205.134
MinimumVisualStudioVersion = 10.0.40219.1
Project("{FAE04EC0-301F-11D3-BF4B-00C04F79EFBC}") = "TaskObserver", "TaskObserver\TaskObserver.csproj", "{EA0C1C20-729C-406D-8FFB-0B3C7F70B94A}"
EndProject
Global
	GlobalSection(SolutionConfigurationPlatforms) = preSolution
		Debug|Any CPU = Debug|Any CPU
		Release|Any CPU = Release|Any CPU
	EndGlobalSection
	GlobalSection(ProjectConfigurationPlatforms) = postSolution
		{EA0C1C20-729C-406D-8FFB-0B3C7F70B94A}.Debug|Any CPU.ActiveCfg = Debug|Any CPU
		{EA0C1C20-729C-406D-8FFB-0B3C7F70B94A}.Debug|Any CPU.Build.0 = Debug|Any CPU
		{EA0C1C20-729C-406D-8FFB-0B3C7F70B94A}.Release|Any CPU.ActiveCfg = Release|Any CPU
		{EA0C1C20-729C-406D-8FFB-0B3C7F70B94A}.Release|Any CPU.Build.0 = Release|Any CPU
	EndGlobalSection
	GlobalSection(SolutionProperties) = preSolution
		HideSolutionNode = FALSE
	EndGlobalSection
	GlobalSection(ExtensibilityGlobals) = postSolution
		SolutionGuid = {A119735C-6702-4604-8B27-2D1438AE93C8}
	EndGlobalSection
EndGlobal
